
Microsoft Visual Studio Solution File, Format Version 12.00
# Visual Studio Version 16
VisualStudioVersion = 16.0.30114.105
MinimumVisualStudioVersion = 10.0.40219.1
Project("{FAE04EC0-301F-11D3-BF4B-00C04F79EFBC}") = "zlib.managed", "src/zlib.managed/zlib.managed.csproj", "{2D1A3F37-633F-401E-BB51-B2C36240CF14}"
EndProject
Project("{2150E333-8FDC-42A3-9474-1A3956D46DE8}") = "src", "src", "{BDEB5FB2-B7AC-48F9-896E-76B6589289E4}"
EndProject
Project("{2150E333-8FDC-42A3-9474-1A3956D46DE8}") = "tests", "tests", "{0E6F26EB-F3B2-42A3-BD3A-38933798873B}"
EndProject
Project("{FAE04EC0-301F-11D3-BF4B-00C04F79EFBC}") = "zlib.managed.Tests", "tests/zlib.managed.Tests.csproj", "{E4AC14B3-CDB8-4A47-A423-93BA7882BF2A}"
EndProject
Global
	GlobalSection(SolutionConfigurationPlatforms) = preSolution
		Debug|Any CPU = Debug|Any CPU
		Release|Any CPU = Release|Any CPU
	EndGlobalSection
	GlobalSection(SolutionProperties) = preSolution
		HideSolutionNode = FALSE
	EndGlobalSection
	GlobalSection(ProjectConfigurationPlatforms) = postSolution
		{2D1A3F37-633F-401E-BB51-B2C36240CF14}.Debug|Any CPU.ActiveCfg = Debug|Any CPU
		{2D1A3F37-633F-401E-BB51-B2C36240CF14}.Debug|Any CPU.Build.0 = Debug|Any CPU
		{2D1A3F37-633F-401E-BB51-B2C36240CF14}.Release|Any CPU.ActiveCfg = Release|Any CPU
		{2D1A3F37-633F-401E-BB51-B2C36240CF14}.Release|Any CPU.Build.0 = Release|Any CPU
		{E4AC14B3-CDB8-4A47-A423-93BA7882BF2A}.Debug|Any CPU.ActiveCfg = Debug|Any CPU
		{E4AC14B3-CDB8-4A47-A423-93BA7882BF2A}.Debug|Any CPU.Build.0 = Debug|Any CPU
		{E4AC14B3-CDB8-4A47-A423-93BA7882BF2A}.Release|Any CPU.ActiveCfg = Release|Any CPU
		{E4AC14B3-CDB8-4A47-A423-93BA7882BF2A}.Release|Any CPU.Build.0 = Release|Any CPU
	EndGlobalSection
	GlobalSection(NestedProjects) = preSolution
		{2D1A3F37-633F-401E-BB51-B2C36240CF14} = {BDEB5FB2-B7AC-48F9-896E-76B6589289E4}
		{E4AC14B3-CDB8-4A47-A423-93BA7882BF2A} = {0E6F26EB-F3B2-42A3-BD3A-38933798873B}
	EndGlobalSection
EndGlobal
